
Microsoft Visual Studio Solution File, Format Version 12.00
# Visual Studio 14
VisualStudioVersion = 14.0.25420.1
MinimumVisualStudioVersion = 10.0.40219.1
Project("{FAE04EC0-301F-11D3-BF4B-00C04F79EFBC}") = "QuieroPizza.Web", "QuieroPizza.Web\QuieroPizza.Web.csproj", "{877A349A-1094-4F1E-A029-A01706B3805F}"
EndProject
Global
	GlobalSection(SolutionConfigurationPlatforms) = preSolution
		Debug|Any CPU = Debug|Any CPU
		Release|Any CPU = Release|Any CPU
	EndGlobalSection
	GlobalSection(ProjectConfigurationPlatforms) = postSolution
		{877A349A-1094-4F1E-A029-A01706B3805F}.Debug|Any CPU.ActiveCfg = Debug|Any CPU
		{877A349A-1094-4F1E-A029-A01706B3805F}.Debug|Any CPU.Build.0 = Debug|Any CPU
		{877A349A-1094-4F1E-A029-A01706B3805F}.Release|Any CPU.ActiveCfg = Release|Any CPU
		{877A349A-1094-4F1E-A029-A01706B3805F}.Release|Any CPU.Build.0 = Release|Any CPU
	EndGlobalSection
	GlobalSection(SolutionProperties) = preSolution
		HideSolutionNode = FALSE
	EndGlobalSection
EndGlobal
